
Microsoft Visual Studio Solution File, Format Version 12.00
# Visual Studio Version 16
VisualStudioVersion = 16.0.29709.97
MinimumVisualStudioVersion = 10.0.40219.1
Project("{FAE04EC0-301F-11D3-BF4B-00C04F79EFBC}") = "Minesweeper Solver", "Minesweeper Solver\Minesweeper Solver.csproj", "{7781EF5E-DBE7-4B76-850C-68216530E4FD}"
EndProject
Global
	GlobalSection(SolutionConfigurationPlatforms) = preSolution
		Debug|Any CPU = Debug|Any CPU
		Release|Any CPU = Release|Any CPU
	EndGlobalSection
	GlobalSection(ProjectConfigurationPlatforms) = postSolution
		{7781EF5E-DBE7-4B76-850C-68216530E4FD}.Debug|Any CPU.ActiveCfg = Debug|Any CPU
		{7781EF5E-DBE7-4B76-850C-68216530E4FD}.Debug|Any CPU.Build.0 = Debug|Any CPU
		{7781EF5E-DBE7-4B76-850C-68216530E4FD}.Release|Any CPU.ActiveCfg = Release|Any CPU
		{7781EF5E-DBE7-4B76-850C-68216530E4FD}.Release|Any CPU.Build.0 = Release|Any CPU
	EndGlobalSection
	GlobalSection(SolutionProperties) = preSolution
		HideSolutionNode = FALSE
	EndGlobalSection
	GlobalSection(ExtensibilityGlobals) = postSolution
		SolutionGuid = {5B359768-9D1E-4C83-8566-8BBF82509ACF}
	EndGlobalSection
EndGlobal
